
Microsoft Visual Studio Solution File, Format Version 12.00
# Visual Studio Version 17
VisualStudioVersion = 17.14.37314.3 d17.14
MinimumVisualStudioVersion = 10.0.40219.1
Project("{8BC9CEB8-8B4A-11D0-8D11-00A0C91BC942}") = "MFCproject1", "MFCproject1.vcxproj", "{9B38C4F7-5CB2-E4CB-66F0-EB59634CF821}"
EndProject
Global
	GlobalSection(SolutionConfigurationPlatforms) = preSolution
		Debug|x64 = Debug|x64
		Debug|x86 = Debug|x86
		Release|x64 = Release|x64
		Release|x86 = Release|x86
	EndGlobalSection
	GlobalSection(ProjectConfigurationPlatforms) = postSolution
		{9B38C4F7-5CB2-E4CB-66F0-EB59634CF821}.Debug|x64.ActiveCfg = Debug|x64
		{9B38C4F7-5CB2-E4CB-66F0-EB59634CF821}.Debug|x64.Build.0 = Debug|x64
		{9B38C4F7-5CB2-E4CB-66F0-EB59634CF821}.Debug|x86.ActiveCfg = Debug|Win32
		{9B38C4F7-5CB2-E4CB-66F0-EB59634CF821}.Debug|x86.Build.0 = Debug|Win32
		{9B38C4F7-5CB2-E4CB-66F0-EB59634CF821}.Release|x64.ActiveCfg = Release|x64
		{9B38C4F7-5CB2-E4CB-66F0-EB59634CF821}.Release|x64.Build.0 = Release|x64
		{9B38C4F7-5CB2-E4CB-66F0-EB59634CF821}.Release|x86.ActiveCfg = Release|Win32
		{9B38C4F7-5CB2-E4CB-66F0-EB59634CF821}.Release|x86.Build.0 = Release|Win32
	EndGlobalSection
	GlobalSection(SolutionProperties) = preSolution
		HideSolutionNode = FALSE
	EndGlobalSection
	GlobalSection(ExtensibilityGlobals) = postSolution
		SolutionGuid = {69458FD1-2490-4E10-8A7D-5E0F60BCAE69}
	EndGlobalSection
EndGlobal
